
Microsoft Visual Studio Solution File, Format Version 12.00
# Visual Studio Version 16
VisualStudioVersion = 16.0.30611.23
MinimumVisualStudioVersion = 10.0.40219.1
Project("{FAE04EC0-301F-11D3-BF4B-00C04F79EFBC}") = "FullFrameworkConsole_48", "ConsoleApp3\FullFrameworkConsole_48.csproj", "{25A98ADA-DA04-4274-8B4F-0D965BB7CCA9}"
EndProject
Project("{9A19103F-16F7-4668-BE54-9A1E7A4F7556}") = "StandardLogMessageFormatter", "StandardLogMessageFormatter\StandardLogMessageFormatter.csproj", "{90934E56-103A-4DB0-B408-B6DB52193CF0}"
EndProject
Project("{FAE04EC0-301F-11D3-BF4B-00C04F79EFBC}") = "FullFrameworkConsole_Under48", "FullframeworkConsoleUnder48\FullFrameworkConsole_Under48.csproj", "{1DC849A5-ADBD-4DF4-8A07-F7F45FED3829}"
EndProject
Global
	GlobalSection(SolutionConfigurationPlatforms) = preSolution
		Debug|Any CPU = Debug|Any CPU
		Release|Any CPU = Release|Any CPU
	EndGlobalSection
	GlobalSection(ProjectConfigurationPlatforms) = postSolution
		{25A98ADA-DA04-4274-8B4F-0D965BB7CCA9}.Debug|Any CPU.ActiveCfg = Debug|Any CPU
		{25A98ADA-DA04-4274-8B4F-0D965BB7CCA9}.Debug|Any CPU.Build.0 = Debug|Any CPU
		{25A98ADA-DA04-4274-8B4F-0D965BB7CCA9}.Release|Any CPU.ActiveCfg = Release|Any CPU
		{25A98ADA-DA04-4274-8B4F-0D965BB7CCA9}.Release|Any CPU.Build.0 = Release|Any CPU
		{90934E56-103A-4DB0-B408-B6DB52193CF0}.Debug|Any CPU.ActiveCfg = Debug|Any CPU
		{90934E56-103A-4DB0-B408-B6DB52193CF0}.Debug|Any CPU.Build.0 = Debug|Any CPU
		{90934E56-103A-4DB0-B408-B6DB52193CF0}.Release|Any CPU.ActiveCfg = Release|Any CPU
		{90934E56-103A-4DB0-B408-B6DB52193CF0}.Release|Any CPU.Build.0 = Release|Any CPU
		{1DC849A5-ADBD-4DF4-8A07-F7F45FED3829}.Debug|Any CPU.ActiveCfg = Debug|Any CPU
		{1DC849A5-ADBD-4DF4-8A07-F7F45FED3829}.Debug|Any CPU.Build.0 = Debug|Any CPU
		{1DC849A5-ADBD-4DF4-8A07-F7F45FED3829}.Release|Any CPU.ActiveCfg = Release|Any CPU
		{1DC849A5-ADBD-4DF4-8A07-F7F45FED3829}.Release|Any CPU.Build.0 = Release|Any CPU
	EndGlobalSection
	GlobalSection(SolutionProperties) = preSolution
		HideSolutionNode = FALSE
	EndGlobalSection
	GlobalSection(ExtensibilityGlobals) = postSolution
		SolutionGuid = {68A8BC8E-73A8-49BE-8350-4A216D7CFD9C}
	EndGlobalSection
EndGlobal
